{
  "name": "@definejs/panel",
  "version": "0.1.2",
  "lockfileVersion": 1,
  "requires": true,
  "dependencies": {
    "@definejs/app-module": {
      "version": "0.1.2",
      "resolved": "https://registry.npmjs.org/@definejs/app-module/-/app-module-0.1.2.tgz",
      "integrity": "sha512-/wBhMS8GW1ga0Uz3Sik0cpF3xTE6wNKk4EZD7R9cA7PZEiNWEAErO8YcIZn3c1YuNc+BpuoQEALD/cjhTXhVHg==",
      "requires": {
        "@definejs/emitter": "^0.1.4",
        "@definejs/module-manager": "^0.1.4",
        "@definejs/object": "^0.1.7",
        "@definejs/string": "^0.1.5"
      },
      "dependencies": {
        "@definejs/emitter": {
          "version": "0.1.4",
          "resolved": "https://registry.npmjs.org/@definejs/emitter/-/emitter-0.1.4.tgz",
          "integrity": "sha512-vg23Vqhdg3ifYT+SzDOjrIFTMDcivDZUWDo5c5AHyX5L5TsjWaEos3rOoX3FmPit0lEY0mCMVAeW4kT2c43N+w==",
          "requires": {
            "@definejs/object": "^0.1.2",
            "@definejs/tree": "^0.1.4"
          }
        },
        "@definejs/object": {
          "version": "0.1.7",
          "resolved": "https://registry.npmjs.org/@definejs/object/-/object-0.1.7.tgz",
          "integrity": "sha512-Km1+636onFmYOTFMPEYK5tjnYlvIk+cGS/eGV/k5YF4fMoZMIouY8MiBtb5Gn5iUKlepr/iFeqCZ6vci6gYFxQ=="
        },
        "@definejs/string": {
          "version": "0.1.5",
          "resolved": "https://registry.npmjs.org/@definejs/string/-/string-0.1.5.tgz",
          "integrity": "sha512-vQBMujgfLJdZOoxizeJUO87n50z/wQIkiwnFedChl8H9IuEa8FuKMIeZ2cQb1q0tphIPLTiXe4Mh+N5oe1NT5w=="
        }
      }
    },
    "@definejs/module-manager": {
      "version": "0.1.4",
      "resolved": "https://registry.npmjs.org/@definejs/module-manager/-/module-manager-0.1.4.tgz",
      "integrity": "sha512-F8a3PlQ9DbWZq0EZdZFC6Y+SXC5oJx4JbbBmBdYHQ5FTURQNu1GoaL+nacjqH4q21UDBbEtBBjkPmEpKrFj3sA=="
    },
    "@definejs/tree": {
      "version": "0.1.5",
      "resolved": "https://registry.npmjs.org/@definejs/tree/-/tree-0.1.5.tgz",
      "integrity": "sha512-fuHw1Z2S8NlUUJiafnDc5PplSJflTtwy3cG/NaOT/YO3zcKEiP5DHk2a0Omq1Eeyhe4ynepY8IqhXaH937Uefg==",
      "requires": {
        "@definejs/object": "^0.1.0"
      },
      "dependencies": {
        "@definejs/object": {
          "version": "0.1.7",
          "resolved": "https://registry.npmjs.org/@definejs/object/-/object-0.1.7.tgz",
          "integrity": "sha512-Km1+636onFmYOTFMPEYK5tjnYlvIk+cGS/eGV/k5YF4fMoZMIouY8MiBtb5Gn5iUKlepr/iFeqCZ6vci6gYFxQ=="
        }
      }
    }
  }
}
